
Microsoft Visual Studio Solution File, Format Version 12.00
# Visual Studio Version 17
VisualStudioVersion = 17.5.33627.172
MinimumVisualStudioVersion = 10.0.40219.1
Project("{FAE04EC0-301F-11D3-BF4B-00C04F79EFBC}") = "Question 03", "Question 03\Question 03.csproj", "{9285834D-1081-422E-BF9E-E96A1D25C621}"
EndProject
Global
	GlobalSection(SolutionConfigurationPlatforms) = preSolution
		Debug|Any CPU = Debug|Any CPU
		Release|Any CPU = Release|Any CPU
	EndGlobalSection
	GlobalSection(ProjectConfigurationPlatforms) = postSolution
		{9285834D-1081-422E-BF9E-E96A1D25C621}.Debug|Any CPU.ActiveCfg = Debug|Any CPU
		{9285834D-1081-422E-BF9E-E96A1D25C621}.Debug|Any CPU.Build.0 = Debug|Any CPU
		{9285834D-1081-422E-BF9E-E96A1D25C621}.Release|Any CPU.ActiveCfg = Release|Any CPU
		{9285834D-1081-422E-BF9E-E96A1D25C621}.Release|Any CPU.Build.0 = Release|Any CPU
	EndGlobalSection
	GlobalSection(SolutionProperties) = preSolution
		HideSolutionNode = FALSE
	EndGlobalSection
	GlobalSection(ExtensibilityGlobals) = postSolution
		SolutionGuid = {237525B0-2D36-4CE5-A0BA-5C8B09393500}
	EndGlobalSection
EndGlobal
