
Microsoft Visual Studio Solution File, Format Version 12.00
# Visual Studio Version 17
VisualStudioVersion = 17.5.33627.172
MinimumVisualStudioVersion = 10.0.40219.1
Project("{FAE04EC0-301F-11D3-BF4B-00C04F79EFBC}") = "Question 03", "Question 03\Question 03.csproj", "{DD53CC08-BA5A-4DB1-98FA-A5729DA5D3C7}"
EndProject
Global
	GlobalSection(SolutionConfigurationPlatforms) = preSolution
		Debug|Any CPU = Debug|Any CPU
		Release|Any CPU = Release|Any CPU
	EndGlobalSection
	GlobalSection(ProjectConfigurationPlatforms) = postSolution
		{DD53CC08-BA5A-4DB1-98FA-A5729DA5D3C7}.Debug|Any CPU.ActiveCfg = Debug|Any CPU
		{DD53CC08-BA5A-4DB1-98FA-A5729DA5D3C7}.Debug|Any CPU.Build.0 = Debug|Any CPU
		{DD53CC08-BA5A-4DB1-98FA-A5729DA5D3C7}.Release|Any CPU.ActiveCfg = Release|Any CPU
		{DD53CC08-BA5A-4DB1-98FA-A5729DA5D3C7}.Release|Any CPU.Build.0 = Release|Any CPU
	EndGlobalSection
	GlobalSection(SolutionProperties) = preSolution
		HideSolutionNode = FALSE
	EndGlobalSection
	GlobalSection(ExtensibilityGlobals) = postSolution
		SolutionGuid = {B8071AA9-86F3-44BF-8470-99D0CB20530E}
	EndGlobalSection
EndGlobal
