
Microsoft Visual Studio Solution File, Format Version 12.00
# Visual Studio Version 17
VisualStudioVersion = 17.5.33627.172
MinimumVisualStudioVersion = 10.0.40219.1
Project("{FAE04EC0-301F-11D3-BF4B-00C04F79EFBC}") = "Question 01", "Question 01\Question 01.csproj", "{B0440632-2172-4B03-9774-D672505517F5}"
EndProject
Global
	GlobalSection(SolutionConfigurationPlatforms) = preSolution
		Debug|Any CPU = Debug|Any CPU
		Release|Any CPU = Release|Any CPU
	EndGlobalSection
	GlobalSection(ProjectConfigurationPlatforms) = postSolution
		{B0440632-2172-4B03-9774-D672505517F5}.Debug|Any CPU.ActiveCfg = Debug|Any CPU
		{B0440632-2172-4B03-9774-D672505517F5}.Debug|Any CPU.Build.0 = Debug|Any CPU
		{B0440632-2172-4B03-9774-D672505517F5}.Release|Any CPU.ActiveCfg = Release|Any CPU
		{B0440632-2172-4B03-9774-D672505517F5}.Release|Any CPU.Build.0 = Release|Any CPU
	EndGlobalSection
	GlobalSection(SolutionProperties) = preSolution
		HideSolutionNode = FALSE
	EndGlobalSection
	GlobalSection(ExtensibilityGlobals) = postSolution
		SolutionGuid = {FB3E85EB-DB93-4C57-926F-D66539E31478}
	EndGlobalSection
EndGlobal
