
Microsoft Visual Studio Solution File, Format Version 12.00
# Visual Studio Version 17
VisualStudioVersion = 17.5.33627.172
MinimumVisualStudioVersion = 10.0.40219.1
Project("{FAE04EC0-301F-11D3-BF4B-00C04F79EFBC}") = "Question 01", "Question 01\Question 01.csproj", "{A88B2A2E-F78A-4A4A-8A9C-ECDC71AD1659}"
EndProject
Global
	GlobalSection(SolutionConfigurationPlatforms) = preSolution
		Debug|Any CPU = Debug|Any CPU
		Release|Any CPU = Release|Any CPU
	EndGlobalSection
	GlobalSection(ProjectConfigurationPlatforms) = postSolution
		{A88B2A2E-F78A-4A4A-8A9C-ECDC71AD1659}.Debug|Any CPU.ActiveCfg = Debug|Any CPU
		{A88B2A2E-F78A-4A4A-8A9C-ECDC71AD1659}.Debug|Any CPU.Build.0 = Debug|Any CPU
		{A88B2A2E-F78A-4A4A-8A9C-ECDC71AD1659}.Release|Any CPU.ActiveCfg = Release|Any CPU
		{A88B2A2E-F78A-4A4A-8A9C-ECDC71AD1659}.Release|Any CPU.Build.0 = Release|Any CPU
	EndGlobalSection
	GlobalSection(SolutionProperties) = preSolution
		HideSolutionNode = FALSE
	EndGlobalSection
	GlobalSection(ExtensibilityGlobals) = postSolution
		SolutionGuid = {40416A07-1304-4590-8898-F0B9091D172E}
	EndGlobalSection
EndGlobal
