
Microsoft Visual Studio Solution File, Format Version 12.00
# Visual Studio Version 17
VisualStudioVersion = 17.5.33627.172
MinimumVisualStudioVersion = 10.0.40219.1
Project("{FAE04EC0-301F-11D3-BF4B-00C04F79EFBC}") = "Question 05", "Question 05\Question 05.csproj", "{611E3F93-A4D1-4EA9-B659-B15C88AB241E}"
EndProject
Global
	GlobalSection(SolutionConfigurationPlatforms) = preSolution
		Debug|Any CPU = Debug|Any CPU
		Release|Any CPU = Release|Any CPU
	EndGlobalSection
	GlobalSection(ProjectConfigurationPlatforms) = postSolution
		{611E3F93-A4D1-4EA9-B659-B15C88AB241E}.Debug|Any CPU.ActiveCfg = Debug|Any CPU
		{611E3F93-A4D1-4EA9-B659-B15C88AB241E}.Debug|Any CPU.Build.0 = Debug|Any CPU
		{611E3F93-A4D1-4EA9-B659-B15C88AB241E}.Release|Any CPU.ActiveCfg = Release|Any CPU
		{611E3F93-A4D1-4EA9-B659-B15C88AB241E}.Release|Any CPU.Build.0 = Release|Any CPU
	EndGlobalSection
	GlobalSection(SolutionProperties) = preSolution
		HideSolutionNode = FALSE
	EndGlobalSection
	GlobalSection(ExtensibilityGlobals) = postSolution
		SolutionGuid = {30A3E1EA-E314-4DE8-B758-5AB34E92EDC4}
	EndGlobalSection
EndGlobal
