
Microsoft Visual Studio Solution File, Format Version 12.00
# Visual Studio Version 17
VisualStudioVersion = 17.5.33627.172
MinimumVisualStudioVersion = 10.0.40219.1
Project("{FAE04EC0-301F-11D3-BF4B-00C04F79EFBC}") = "Question 04", "Question 04\Question 04.csproj", "{55CB6AC3-A87A-4EE4-9C4E-0A2CFDBCF005}"
EndProject
Global
	GlobalSection(SolutionConfigurationPlatforms) = preSolution
		Debug|Any CPU = Debug|Any CPU
		Release|Any CPU = Release|Any CPU
	EndGlobalSection
	GlobalSection(ProjectConfigurationPlatforms) = postSolution
		{55CB6AC3-A87A-4EE4-9C4E-0A2CFDBCF005}.Debug|Any CPU.ActiveCfg = Debug|Any CPU
		{55CB6AC3-A87A-4EE4-9C4E-0A2CFDBCF005}.Debug|Any CPU.Build.0 = Debug|Any CPU
		{55CB6AC3-A87A-4EE4-9C4E-0A2CFDBCF005}.Release|Any CPU.ActiveCfg = Release|Any CPU
		{55CB6AC3-A87A-4EE4-9C4E-0A2CFDBCF005}.Release|Any CPU.Build.0 = Release|Any CPU
	EndGlobalSection
	GlobalSection(SolutionProperties) = preSolution
		HideSolutionNode = FALSE
	EndGlobalSection
	GlobalSection(ExtensibilityGlobals) = postSolution
		SolutionGuid = {44BFBC44-CC8C-42C4-ADEE-66AADEC8199E}
	EndGlobalSection
EndGlobal
